
Microsoft Visual Studio Solution File, Format Version 12.00
# Visual Studio 15
VisualStudioVersion = 15.0.26124.0
MinimumVisualStudioVersion = 15.0.26124.0
Project("{FAE04EC0-301F-11D3-BF4B-00C04F79EFBC}") = "Frågesport project", "Frågesport project folder\Frågesport project.csproj", "{EF428244-6A4E-4152-BDF4-D0A82EC9C9EF}"
EndProject
Global
	GlobalSection(SolutionConfigurationPlatforms) = preSolution
		Debug|Any CPU = Debug|Any CPU
		Debug|svar64 = Debug|svar64
		Debug|svar86 = Debug|svar86
		Release|Any CPU = Release|Any CPU
		Release|svar64 = Release|svar64
		Release|svar86 = Release|svar86
	EndGlobalSection
	GlobalSection(SolutionProperties) = preSolution
		HideSolutionNode = FALSE
	EndGlobalSection
	GlobalSection(ProjectConfigurationPlatforms) = postSolution
		{EF428244-6A4E-4152-BDF4-D0A82EC9C9EF}.Debug|Any CPU.ActiveCfg = Debug|Any CPU
		{EF428244-6A4E-4152-BDF4-D0A82EC9C9EF}.Debug|Any CPU.Build.0 = Debug|Any CPU
		{EF428244-6A4E-4152-BDF4-D0A82EC9C9EF}.Debug|svar64.ActiveCfg = Debug|Any CPU
		{EF428244-6A4E-4152-BDF4-D0A82EC9C9EF}.Debug|svar64.Build.0 = Debug|Any CPU
		{EF428244-6A4E-4152-BDF4-D0A82EC9C9EF}.Debug|svar86.ActiveCfg = Debug|Any CPU
		{EF428244-6A4E-4152-BDF4-D0A82EC9C9EF}.Debug|svar86.Build.0 = Debug|Any CPU
		{EF428244-6A4E-4152-BDF4-D0A82EC9C9EF}.Release|Any CPU.ActiveCfg = Release|Any CPU
		{EF428244-6A4E-4152-BDF4-D0A82EC9C9EF}.Release|Any CPU.Build.0 = Release|Any CPU
		{EF428244-6A4E-4152-BDF4-D0A82EC9C9EF}.Release|svar64.ActiveCfg = Release|Any CPU
		{EF428244-6A4E-4152-BDF4-D0A82EC9C9EF}.Release|svar64.Build.0 = Release|Any CPU
		{EF428244-6A4E-4152-BDF4-D0A82EC9C9EF}.Release|svar86.ActiveCfg = Release|Any CPU
		{EF428244-6A4E-4152-BDF4-D0A82EC9C9EF}.Release|svar86.Build.0 = Release|Any CPU
	EndGlobalSection
EndGlobal
